
Microsoft Visual Studio Solution File, Format Version 12.00
# Visual Studio Version 17
VisualStudioVersion = 17.2.32630.192
MinimumVisualStudioVersion = 10.0.40219.1
Project("{FAE04EC0-301F-11D3-BF4B-00C04F79EFBC}") = "ElectriciyBillCal", "ElectriciyBillCal\ElectriciyBillCal.csproj", "{820EF451-C2DD-41AA-A681-F27FB5A78999}"
EndProject
Global
	GlobalSection(SolutionConfigurationPlatforms) = preSolution
		Debug|Any CPU = Debug|Any CPU
		Release|Any CPU = Release|Any CPU
	EndGlobalSection
	GlobalSection(ProjectConfigurationPlatforms) = postSolution
		{820EF451-C2DD-41AA-A681-F27FB5A78999}.Debug|Any CPU.ActiveCfg = Debug|Any CPU
		{820EF451-C2DD-41AA-A681-F27FB5A78999}.Debug|Any CPU.Build.0 = Debug|Any CPU
		{820EF451-C2DD-41AA-A681-F27FB5A78999}.Release|Any CPU.ActiveCfg = Release|Any CPU
		{820EF451-C2DD-41AA-A681-F27FB5A78999}.Release|Any CPU.Build.0 = Release|Any CPU
	EndGlobalSection
	GlobalSection(SolutionProperties) = preSolution
		HideSolutionNode = FALSE
	EndGlobalSection
	GlobalSection(ExtensibilityGlobals) = postSolution
		SolutionGuid = {326E7F2E-23BC-434E-A564-AB39F978EE17}
	EndGlobalSection
EndGlobal
